// !$*UTF8*$!
{
	archiveVersion = 1;
	classes = {
	};
	objectVersion = 46;
	objects = {

/* Begin PBXBuildFile section */
		E8EB966C1BEF0BE70048DCA9 /* orange_button_base.png in Resources */ = {isa = PBXBuildFile; fileRef = E8EB966B1BEF0BE70048DCA9 /* orange_button_base.png */; };
		E8EF666C1BEE6EA900877ADD /* AppDelegate.swift in Sources */ = {isa = PBXBuildFile; fileRef = E8EF666B1BEE6EA900877ADD /* AppDelegate.swift */; };
		E8EF666E1BEE6EA900877ADD /* ViewController.swift in Sources */ = {isa = PBXBuildFile; fileRef = E8EF666D1BEE6EA900877ADD /* ViewController.swift */; };
		E8EF66711BEE6EA900877ADD /* Main.storyboard in Resources */ = {isa = PBXBuildFile; fileRef = E8EF666F1BEE6EA900877ADD /* Main.storyboard */; };
		E8EF66731BEE6EA900877ADD /* Assets.xcassets in Resources */ = {isa = PBXBuildFile; fileRef = E8EF66721BEE6EA900877ADD /* Assets.xcassets */; };
		E8EF66761BEE6EA900877ADD /* LaunchScreen.storyboard in Resources */ = {isa = PBXBuildFile; fileRef = E8EF66741BEE6EA900877ADD /* LaunchScreen.storyboard */; };
		E8EF66811BEE6EA900877ADD /* ZippyTests.swift in Sources */ = {isa = PBXBuildFile; fileRef = E8EF66801BEE6EA900877ADD /* ZippyTests.swift */; };
		E8EF668C1BEE6EA900877ADD /* ZippyUITests.swift in Sources */ = {isa = PBXBuildFile; fileRef = E8EF668B1BEE6EA900877ADD /* ZippyUITests.swift */; };
/* End PBXBuildFile section */

/* Begin PBXContainerItemProxy section */
		E8EF667D1BEE6EA900877ADD /* PBXContainerItemProxy */ = {
			isa = PBXContainerItemProxy;
			containerPortal = E8EF66601BEE6EA900877ADD /* Project object */;
			proxyType = 1;
			remoteGlobalIDString = E8EF66671BEE6EA900877ADD;
			remoteInfo = Zippy;
		};
		E8EF66881BEE6EA900877ADD /* PBXContainerItemProxy */ = {
			isa = PBXContainerItemProxy;
			containerPortal = E8EF66601BEE6EA900877ADD /* Project object */;
			proxyType = 1;
			remoteGlobalIDString = E8EF66671BEE6EA900877ADD;
			remoteInfo = Zippy;
		};
/* End PBXContainerItemProxy section */

/* Begin PBXFileReference section */
		E8EB966B1BEF0BE70048DCA9 /* orange_button_base.png */ = {isa = PBXFileReference; lastKnownFileType = image.png; path = orange_button_base.png; sourceTree = "<group>"; };
		E8EF66681BEE6EA900877ADD /* Zippy.app */ = {isa = PBXFileReference; explicitFileType = wrapper.application; includeInIndex = 0; path = Zippy.app; sourceTree = BUILT_PRODUCTS_DIR; };
		E8EF666B1BEE6EA900877ADD /* AppDelegate.swift */ = {isa = PBXFileReference; lastKnownFileType = sourcecode.swift; path = AppDelegate.swift; sourceTree = "<group>"; };
		E8EF666D1BEE6EA900877ADD /* ViewController.swift */ = {isa = PBXFileReference; lastKnownFileType = sourcecode.swift; path = ViewController.swift; sourceTree = "<group>"; };
		E8EF66701BEE6EA900877ADD /* Base */ = {isa = PBXFileReference; lastKnownFileType = file.storyboard; name = Base; path = Base.lproj/Main.storyboard; sourceTree = "<group>"; };
		E8EF66721BEE6EA900877ADD /* Assets.xcassets */ = {isa = PBXFileReference; lastKnownFileType = folder.assetcatalog; path = Assets.xcassets; sourceTree = "<group>"; };
		E8EF66751BEE6EA900877ADD /* Base */ = {isa = PBXFileReference; lastKnownFileType = file.storyboard; name = Base; path = Base.lproj/LaunchScreen.storyboard; sourceTree = "<group>"; };
		E8EF66771BEE6EA900877ADD /* Info.plist */ = {isa = PBXFileReference; lastKnownFileType = text.plist.xml; path = Info.plist; sourceTree = "<group>"; };
		E8EF667C1BEE6EA900877ADD /* ZippyTests.xctest */ = {isa = PBXFileReference; explicitFileType = wrapper.cfbundle; includeInIndex = 0; path = ZippyTests.xctest; sourceTree = BUILT_PRODUCTS_DIR; };
		E8EF66801BEE6EA900877ADD /* ZippyTests.swift */ = {isa = PBXFileReference; lastKnownFileType = sourcecode.swift; path = ZippyTests.swift; sourceTree = "<group>"; };
		E8EF66821BEE6EA900877ADD /* Info.plist */ = {isa = PBXFileReference; lastKnownFileType = text.plist.xml; path = Info.plist; sourceTree = "<group>"; };
		E8EF66871BEE6EA900877ADD /* ZippyUITests.xctest */ = {isa = PBXFileReference; explicitFileType = wrapper.cfbundle; includeInIndex = 0; path = ZippyUITests.xctest; sourceTree = BUILT_PRODUCTS_DIR; };
		E8EF668B1BEE6EA900877ADD /* ZippyUITests.swift */ = {isa = PBXFileReference; lastKnownFileType = sourcecode.swift; path = ZippyUITests.swift; sourceTree = "<group>"; };
		E8EF668D1BEE6EA900877ADD /* Info.plist */ = {isa = PBXFileReference; lastKnownFileType = text.plist.xml; path = Info.plist; sourceTree = "<group>"; };
/* End PBXFileReference section */

/* Begin PBXFrameworksBuildPhase section */
		E8EF66651BEE6EA900877ADD /* Frameworks */ = {
			isa = PBXFrameworksBuildPhase;
			buildActionMask = 2147483647;
			files = (
			);
			runOnlyForDeploymentPostprocessing = 0;
		};
		E8EF66791BEE6EA900877ADD /* Frameworks */ = {
			isa = PBXFrameworksBuildPhase;
			buildActionMask = 2147483647;
			files = (
			);
			runOnlyForDeploymentPostprocessing = 0;
		};
		E8EF66841BEE6EA900877ADD /* Frameworks */ = {
			isa = PBXFrameworksBuildPhase;
			buildActionMask = 2147483647;
			files = (
			);
			runOnlyForDeploymentPostprocessing = 0;
		};
/* End PBXFrameworksBuildPhase section */

/* Begin PBXGroup section */
		E8EF665F1BEE6EA900877ADD = {
			isa = PBXGroup;
			children = (
				E8EF666A1BEE6EA900877ADD /* Zippy */,
				E8EF667F1BEE6EA900877ADD /* ZippyTests */,
				E8EF668A1BEE6EA900877ADD /* ZippyUITests */,
				E8EF66691BEE6EA900877ADD /* Products */,
			);
			sourceTree = "<group>";
		};
		E8EF66691BEE6EA900877ADD /* Products */ = {
			isa = PBXGroup;
			children = (
				E8EF66681BEE6EA900877ADD /* Zippy.app */,
				E8EF667C1BEE6EA900877ADD /* ZippyTests.xctest */,
				E8EF66871BEE6EA900877ADD /* ZippyUITests.xctest */,
			);
			name = Products;
			sourceTree = "<group>";
		};
		E8EF666A1BEE6EA900877ADD /* Zippy */ = {
			isa = PBXGroup;
			children = (
				E8EB966B1BEF0BE70048DCA9 /* orange_button_base.png */,
				E8EF666B1BEE6EA900877ADD /* AppDelegate.swift */,
				E8EF666D1BEE6EA900877ADD /* ViewController.swift */,
				E8EF666F1BEE6EA900877ADD /* Main.storyboard */,
				E8EF66721BEE6EA900877ADD /* Assets.xcassets */,
				E8EF66741BEE6EA900877ADD /* LaunchScreen.storyboard */,
				E8EF66771BEE6EA900877ADD /* Info.plist */,
			);
			path = Zippy;
			sourceTree = "<group>";
		};
		E8EF667F1BEE6EA900877ADD /* ZippyTests */ = {
			isa = PBXGroup;
			children = (
				E8EF66801BEE6EA900877ADD /* ZippyTests.swift */,
				E8EF66821BEE6EA900877ADD /* Info.plist */,
			);
			path = ZippyTests;
			sourceTree = "<group>";
		};
		E8EF668A1BEE6EA900877ADD /* ZippyUITests */ = {
			isa = PBXGroup;
			children = (
				E8EF668B1BEE6EA900877ADD /* ZippyUITests.swift */,
				E8EF668D1BEE6EA900877ADD /* Info.plist */,
			);
			path = ZippyUITests;
			sourceTree = "<group>";
		};
/* End PBXGroup section */

/* Begin PBXNativeTarget section */
		E8EF66671BEE6EA900877ADD /* Zippy */ = {
			isa = PBXNativeTarget;
			buildConfigurationList = E8EF66901BEE6EAA00877ADD /* Build configuration list for PBXNativeTarget "Zippy" */;
			buildPhases = (
				E8EF66641BEE6EA900877ADD /* Sources */,
				E8EF66651BEE6EA900877ADD /* Frameworks */,
				E8EF66661BEE6EA900877ADD /* Resources */,
			);
			buildRules = (
			);
			dependencies = (
			);
			name = Zippy;
			productName = Zippy;
			productReference = E8EF66681BEE6EA900877ADD /* Zippy.app */;
			productType = "com.apple.product-type.application";
		};
		E8EF667B1BEE6EA900877ADD /* ZippyTests */ = {
			isa = PBXNativeTarget;
			buildConfigurationList = E8EF66931BEE6EAA00877ADD /* Build configuration list for PBXNativeTarget "ZippyTests" */;
			buildPhases = (
				E8EF66781BEE6EA900877ADD /* Sources */,
				E8EF66791BEE6EA900877ADD /* Frameworks */,
				E8EF667A1BEE6EA900877ADD /* Resources */,
			);
			buildRules = (
			);
			dependencies = (
				E8EF667E1BEE6EA900877ADD /* PBXTargetDependency */,
			);
			name = ZippyTests;
			productName = ZippyTests;
			productReference = E8EF667C1BEE6EA900877ADD /* ZippyTests.xctest */;
			productType = "com.apple.product-type.bundle.unit-test";
		};
		E8EF66861BEE6EA900877ADD /* ZippyUITests */ = {
			isa = PBXNativeTarget;
			buildConfigurationList = E8EF66961BEE6EAA00877ADD /* Build configuration list for PBXNativeTarget "ZippyUITests" */;
			buildPhases = (
				E8EF66831BEE6EA900877ADD /* Sources */,
				E8EF66841BEE6EA900877ADD /* Frameworks */,
				E8EF66851BEE6EA900877ADD /* Resources */,
			);
			buildRules = (
			);
			dependencies = (
				E8EF66891BEE6EA900877ADD /* PBXTargetDependency */,
			);
			name = ZippyUITests;
			productName = ZippyUITests;
			productReference = E8EF66871BEE6EA900877ADD /* ZippyUITests.xctest */;
			productType = "com.apple.product-type.bundle.ui-testing";
		};
/* End PBXNativeTarget section */

/* Begin PBXProject section */
		E8EF66601BEE6EA900877ADD /* Project object */ = {
			isa = PBXProject;
			attributes = {
				LastSwiftUpdateCheck = 0710;
				LastUpgradeCheck = 0710;
				ORGANIZATIONNAME = "Jason Heard";
				TargetAttributes = {
					E8EF66671BEE6EA900877ADD = {
						CreatedOnToolsVersion = 7.1;
					};
					E8EF667B1BEE6EA900877ADD = {
						CreatedOnToolsVersion = 7.1;
						TestTargetID = E8EF66671BEE6EA900877ADD;
					};
					E8EF66861BEE6EA900877ADD = {
						CreatedOnToolsVersion = 7.1;
						TestTargetID = E8EF66671BEE6EA900877ADD;
					};
				};
			};
			buildConfigurationList = E8EF66631BEE6EA900877ADD /* Build configuration list for PBXProject "Zippy" */;
			compatibilityVersion = "Xcode 3.2";
			developmentRegion = English;
			hasScannedForEncodings = 0;
			knownRegions = (
				en,
				Base,
			);
			mainGroup = E8EF665F1BEE6EA900877ADD;
			productRefGroup = E8EF66691BEE6EA900877ADD /* Products */;
			projectDirPath = "";
			projectRoot = "";
			targets = (
				E8EF66671BEE6EA900877ADD /* Zippy */,
				E8EF667B1BEE6EA900877ADD /* ZippyTests */,
				E8EF66861BEE6EA900877ADD /* ZippyUITests */,
			);
		};
/* End PBXProject section */

/* Begin PBXResourcesBuildPhase section */
		E8EF66661BEE6EA900877ADD /* Resources */ = {
			isa = PBXResourcesBuildPhase;
			buildActionMask = 2147483647;
			files = (
				E8EF66761BEE6EA900877ADD /* LaunchScreen.storyboard in Resources */,
				E8EF66731BEE6EA900877ADD /* Assets.xcassets in Resources */,
				E8EB966C1BEF0BE70048DCA9 /* orange_button_base.png in Resources */,
				E8EF66711BEE6EA900877ADD /* Main.storyboard in Resources */,
			);
			runOnlyForDeploymentPostprocessing = 0;
		};
		E8EF667A1BEE6EA900877ADD /* Resources */ = {
			isa = PBXResourcesBuildPhase;
			buildActionMask = 2147483647;
			files = (
			);
			runOnlyForDeploymentPostprocessing = 0;
		};
		E8EF66851BEE6EA900877ADD /* Resources */ = {
			isa = PBXResourcesBuildPhase;
			buildActionMask = 2147483647;
			files = (
			);
			runOnlyForDeploymentPostprocessing = 0;
		};
/* End PBXResourcesBuildPhase section */

/* Begin PBXSourcesBuildPhase section */
		E8EF66641BEE6EA900877ADD /* Sources */ = {
			isa = PBXSourcesBuildPhase;
			buildActionMask = 2147483647;
			files = (
				E8EF666E1BEE6EA900877ADD /* ViewController.swift in Sources */,
				E8EF666C1BEE6EA900877ADD /* AppDelegate.swift in Sources */,
			);
			runOnlyForDeploymentPostprocessing = 0;
		};
		E8EF66781BEE6EA900877ADD /* Sources */ = {
			isa = PBXSourcesBuildPhase;
			buildActionMask = 2147483647;
			files = (
				E8EF66811BEE6EA900877ADD /* ZippyTests.swift in Sources */,
			);
			runOnlyForDeploymentPostprocessing = 0;
		};
		E8EF66831BEE6EA900877ADD /* Sources */ = {
			isa = PBXSourcesBuildPhase;
			buildActionMask = 2147483647;
			files = (
				E8EF668C1BEE6EA900877ADD /* ZippyUITests.swift in Sources */,
			);
			runOnlyForDeploymentPostprocessing = 0;
		};
/* End PBXSourcesBuildPhase section */

/* Begin PBXTargetDependency section */
		E8EF667E1BEE6EA900877ADD /* PBXTargetDependency */ = {
			isa = PBXTargetDependency;
			target = E8EF66671BEE6EA900877ADD /* Zippy */;
			targetProxy = E8EF667D1BEE6EA900877ADD /* PBXContainerItemProxy */;
		};
		E8EF66891BEE6EA900877ADD /* PBXTargetDependency */ = {
			isa = PBXTargetDependency;
			target = E8EF66671BEE6EA900877ADD /* Zippy */;
			targetProxy = E8EF66881BEE6EA900877ADD /* PBXContainerItemProxy */;
		};
/* End PBXTargetDependency section */

/* Begin PBXVariantGroup section */
		E8EF666F1BEE6EA900877ADD /* Main.storyboard */ = {
			isa = PBXVariantGroup;
			children = (
				E8EF66701BEE6EA900877ADD /* Base */,
			);
			name = Main.storyboard;
			sourceTree = "<group>";
		};
		E8EF66741BEE6EA900877ADD /* LaunchScreen.storyboard */ = {
			isa = PBXVariantGroup;
			children = (
				E8EF66751BEE6EA900877ADD /* Base */,
			);
			name = LaunchScreen.storyboard;
			sourceTree = "<group>";
		};
/* End PBXVariantGroup section */

/* Begin XCBuildConfiguration section */
		E8EF668E1BEE6EAA00877ADD /* Debug */ = {
			isa = XCBuildConfiguration;
			buildSettings = {
				ALWAYS_SEARCH_USER_PATHS = NO;
				CLANG_CXX_LANGUAGE_STANDARD = "gnu++0x";
				CLANG_CXX_LIBRARY = "libc++";
				CLANG_ENABLE_MODULES = YES;
				CLANG_ENABLE_OBJC_ARC = YES;
				CLANG_WARN_BOOL_CONVERSION = YES;
				CLANG_WARN_CONSTANT_CONVERSION = YES;
				CLANG_WARN_DIRECT_OBJC_ISA_USAGE = YES_ERROR;
				CLANG_WARN_EMPTY_BODY = YES;
				CLANG_WARN_ENUM_CONVERSION = YES;
				CLANG_WARN_INT_CONVERSION = YES;
				CLANG_WARN_OBJC_ROOT_CLASS = YES_ERROR;
				CLANG_WARN_UNREACHABLE_CODE = YES;
				CLANG_WARN__DUPLICATE_METHOD_MATCH = YES;
				"CODE_SIGN_IDENTITY[sdk=iphoneos*]" = "iPhone Developer";
				COPY_PHASE_STRIP = NO;
				DEBUG_INFORMATION_FORMAT = dwarf;
				ENABLE_STRICT_OBJC_MSGSEND = YES;
				ENABLE_TESTABILITY = YES;
				GCC_C_LANGUAGE_STANDARD = gnu99;
				GCC_DYNAMIC_NO_PIC = NO;
				GCC_NO_COMMON_BLOCKS = YES;
				GCC_OPTIMIZATION_LEVEL = 0;
				GCC_PREPROCESSOR_DEFINITIONS = (
					"DEBUG=1",
					"$(inherited)",
				);
				GCC_WARN_64_TO_32_BIT_CONVERSION = YES;
				GCC_WARN_ABOUT_RETURN_TYPE = YES_ERROR;
				GCC_WARN_UNDECLARED_SELECTOR = YES;
				GCC_WARN_UNINITIALIZED_AUTOS = YES_AGGRESSIVE;
				GCC_WARN_UNUSED_FUNCTION = YES;
				GCC_WARN_UNUSED_VARIABLE = YES;
				IPHONEOS_DEPLOYMENT_TARGET = 9.1;
				MTL_ENABLE_DEBUG_INFO = YES;
				ONLY_ACTIVE_ARCH = YES;
				SDKROOT = iphoneos;
				SWIFT_OPTIMIZATION_LEVEL = "-Onone";
				TARGETED_DEVICE_FAMILY = "1,2";
			};
			name = Debug;
		};
		E8EF668F1BEE6EAA00877ADD /* Release */ = {
			isa = XCBuildConfiguration;
			buildSettings = {
				ALWAYS_SEARCH_USER_PATHS = NO;
				CLANG_CXX_LANGUAGE_STANDARD = "gnu++0x";
				CLANG_CXX_LIBRARY = "libc++";
				CLANG_ENABLE_MODULES = YES;
				CLANG_ENABLE_OBJC_ARC = YES;
				CLANG_WARN_BOOL_CONVERSION = YES;
				CLANG_WARN_CONSTANT_CONVERSION = YES;
				CLANG_WARN_DIRECT_OBJC_ISA_USAGE = YES_ERROR;
				CLANG_WARN_EMPTY_BODY = YES;
				CLANG_WARN_ENUM_CONVERSION = YES;
				CLANG_WARN_INT_CONVERSION = YES;
				CLANG_WARN_OBJC_ROOT_CLASS = YES_ERROR;
				CLANG_WARN_UNREACHABLE_CODE = YES;
				CLANG_WARN__DUPLICATE_METHOD_MATCH = YES;
				"CODE_SIGN_IDENTITY[sdk=iphoneos*]" = "iPhone Developer";
				COPY_PHASE_STRIP = NO;
				DEBUG_INFORMATION_FORMAT = "dwarf-with-dsym";
				ENABLE_NS_ASSERTIONS = NO;
				ENABLE_STRICT_OBJC_MSGSEND = YES;
				GCC_C_LANGUAGE_STANDARD = gnu99;
				GCC_NO_COMMON_BLOCKS = YES;
				GCC_WARN_64_TO_32_BIT_CONVERSION = YES;
				GCC_WARN_ABOUT_RETURN_TYPE = YES_ERROR;
				GCC_WARN_UNDECLARED_SELECTOR = YES;
				GCC_WARN_UNINITIALIZED_AUTOS = YES_AGGRESSIVE;
				GCC_WARN_UNUSED_FUNCTION = YES;
				GCC_WARN_UNUSED_VARIABLE = YES;
				IPHONEOS_DEPLOYMENT_TARGET = 9.1;
				MTL_ENABLE_DEBUG_INFO = NO;
				SDKROOT = iphoneos;
				TARGETED_DEVICE_FAMILY = "1,2";
				VALIDATE_PRODUCT = YES;
			};
			name = Release;
		};
		E8EF66911BEE6EAA00877ADD /* Debug */ = {
			isa = XCBuildConfiguration;
			buildSettings = {
				ASSETCATALOG_COMPILER_APPICON_NAME = AppIcon;
				INFOPLIST_FILE = Zippy/Info.plist;
				LD_RUNPATH_SEARCH_PATHS = "$(inherited) @executable_path/Frameworks";
				PRODUCT_BUNDLE_IDENTIFIER = com.jlheard.Zippy;
				PRODUCT_NAME = "$(TARGET_NAME)";
			};
			name = Debug;
		};
		E8EF66921BEE6EAA00877ADD /* Release */ = {
			isa = XCBuildConfiguration;
			buildSettings = {
				ASSETCATALOG_COMPILER_APPICON_NAME = AppIcon;
				INFOPLIST_FILE = Zippy/Info.plist;
				LD_RUNPATH_SEARCH_PATHS = "$(inherited) @executable_path/Frameworks";
				PRODUCT_BUNDLE_IDENTIFIER = com.jlheard.Zippy;
				PRODUCT_NAME = "$(TARGET_NAME)";
			};
			name = Release;
		};
		E8EF66941BEE6EAA00877ADD /* Debug */ = {
			isa = XCBuildConfiguration;
			buildSettings = {
				BUNDLE_LOADER = "$(TEST_HOST)";
				INFOPLIST_FILE = ZippyTests/Info.plist;
				LD_RUNPATH_SEARCH_PATHS = "$(inherited) @executable_path/Frameworks @loader_path/Frameworks";
				PRODUCT_BUNDLE_IDENTIFIER = com.jlheard.ZippyTests;
				PRODUCT_NAME = "$(TARGET_NAME)";
				TEST_HOST = "$(BUILT_PRODUCTS_DIR)/Zippy.app/Zippy";
			};
			name = Debug;
		};
		E8EF66951BEE6EAA00877ADD /* Release */ = {
			isa = XCBuildConfiguration;
			buildSettings = {
				BUNDLE_LOADER = "$(TEST_HOST)";
				INFOPLIST_FILE = ZippyTests/Info.plist;
				LD_RUNPATH_SEARCH_PATHS = "$(inherited) @executable_path/Frameworks @loader_path/Frameworks";
				PRODUCT_BUNDLE_IDENTIFIER = com.jlheard.ZippyTests;
				PRODUCT_NAME = "$(TARGET_NAME)";
				TEST_HOST = "$(BUILT_PRODUCTS_DIR)/Zippy.app/Zippy";
			};
			name = Release;
		};
		E8EF66971BEE6EAA00877ADD /* Debug */ = {
			isa = XCBuildConfiguration;
			buildSettings = {
				INFOPLIST_FILE = ZippyUITests/Info.plist;
				LD_RUNPATH_SEARCH_PATHS = "$(inherited) @executable_path/Frameworks @loader_path/Frameworks";
				PRODUCT_BUNDLE_IDENTIFIER = com.jlheard.ZippyUITests;
				PRODUCT_NAME = "$(TARGET_NAME)";
				TEST_TARGET_NAME = Zippy;
				USES_XCTRUNNER = YES;
			};
			name = Debug;
		};
		E8EF66981BEE6EAA00877ADD /* Release */ = {
			isa = XCBuildConfiguration;
			buildSettings = {
				INFOPLIST_FILE = ZippyUITests/Info.plist;
				LD_RUNPATH_SEARCH_PATHS = "$(inherited) @executable_path/Frameworks @loader_path/Frameworks";
				PRODUCT_BUNDLE_IDENTIFIER = com.jlheard.ZippyUITests;
				PRODUCT_NAME = "$(TARGET_NAME)";
				TEST_TARGET_NAME = Zippy;
				USES_XCTRUNNER = YES;
			};
			name = Release;
		};
/* End XCBuildConfiguration section */

/* Begin XCConfigurationList section */
		E8EF66631BEE6EA900877ADD /* Build configuration list for PBXProject "Zippy" */ = {
			isa = XCConfigurationList;
			buildConfigurations = (
				E8EF668E1BEE6EAA00877ADD /* Debug */,
				E8EF668F1BEE6EAA00877ADD /* Release */,
			);
			defaultConfigurationIsVisible = 0;
			defaultConfigurationName = Release;
		};
		E8EF66901BEE6EAA00877ADD /* Build configuration list for PBXNativeTarget "Zippy" */ = {
			isa = XCConfigurationList;
			buildConfigurations = (
				E8EF66911BEE6EAA00877ADD /* Debug */,
				E8EF66921BEE6EAA00877ADD /* Release */,
			);
			defaultConfigurationIsVisible = 0;
			defaultConfigurationName = Release;
		};
		E8EF66931BEE6EAA00877ADD /* Build configuration list for PBXNativeTarget "ZippyTests" */ = {
			isa = XCConfigurationList;
			buildConfigurations = (
				E8EF66941BEE6EAA00877ADD /* Debug */,
				E8EF66951BEE6EAA00877ADD /* Release */,
			);
			defaultConfigurationIsVisible = 0;
			defaultConfigurationName = Release;
		};
		E8EF66961BEE6EAA00877ADD /* Build configuration list for PBXNativeTarget "ZippyUITests" */ = {
			isa = XCConfigurationList;
			buildConfigurations = (
				E8EF66971BEE6EAA00877ADD /* Debug */,
				E8EF66981BEE6EAA00877ADD /* Release */,
			);
			defaultConfigurationIsVisible = 0;
			defaultConfigurationName = Release;
		};
/* End XCConfigurationList section */
	};
	rootObject = E8EF66601BEE6EA900877ADD /* Project object */;
}
